
Microsoft Visual Studio Solution File, Format Version 12.00
# Visual Studio Version 17
VisualStudioVersion = 17.11.35219.272
MinimumVisualStudioVersion = 10.0.40219.1
Project("{FAE04EC0-301F-11D3-BF4B-00C04F79EFBC}") = "BaiTap05", "BaiTap05\BaiTap05.csproj", "{2FFCB648-9422-4B72-8C7E-62C0E23431FB}"
EndProject
Global
	GlobalSection(SolutionConfigurationPlatforms) = preSolution
		Debug|Any CPU = Debug|Any CPU
		Release|Any CPU = Release|Any CPU
	EndGlobalSection
	GlobalSection(ProjectConfigurationPlatforms) = postSolution
		{2FFCB648-9422-4B72-8C7E-62C0E23431FB}.Debug|Any CPU.ActiveCfg = Debug|Any CPU
		{2FFCB648-9422-4B72-8C7E-62C0E23431FB}.Debug|Any CPU.Build.0 = Debug|Any CPU
		{2FFCB648-9422-4B72-8C7E-62C0E23431FB}.Release|Any CPU.ActiveCfg = Release|Any CPU
		{2FFCB648-9422-4B72-8C7E-62C0E23431FB}.Release|Any CPU.Build.0 = Release|Any CPU
	EndGlobalSection
	GlobalSection(SolutionProperties) = preSolution
		HideSolutionNode = FALSE
	EndGlobalSection
	GlobalSection(ExtensibilityGlobals) = postSolution
		SolutionGuid = {19E0E61F-AD48-4FC5-8666-D9F013A543C6}
	EndGlobalSection
EndGlobal
